dependencies:
- name: rabbitmq
  repository: https://charts.bitnami.com/bitnami
  version: 11.9.0
- name: mariadb
  repository: https://charts.bitnami.com/bitnami
  version: 11.4.6
digest: sha256:e676a7250dd4f2057da41eb19246ac973b8eb56bdaee0dd439a8e28ff2355ef3
generated: "2023-03-01T23:29:56.997481-06:00"
